// !$*UTF8*$!
{
	archiveVersion = 1;
	classes = {
	};
	objectVersion = 56;
	objects = {

/* Begin PBXBuildFile section */
		3D5C21BF2B77780C008888A9 /* AppDelegate.swift in Sources */ = {isa = PBXBuildFile; fileRef = 3D5C21BE2B77780C008888A9 /* AppDelegate.swift */; };
		3D5C21C12B77780C008888A9 /* SceneDelegate.swift in Sources */ = {isa = PBXBuildFile; fileRef = 3D5C21C02B77780C008888A9 /* SceneDelegate.swift */; };
		3D5C21C82B77780E008888A9 /* Assets.xcassets in Resources */ = {isa = PBXBuildFile; fileRef = 3D5C21C72B77780E008888A9 /* Assets.xcassets */; };
		3D5C21CB2B77780E008888A9 /* LaunchScreen.storyboard in Resources */ = {isa = PBXBuildFile; fileRef = 3D5C21C92B77780E008888A9 /* LaunchScreen.storyboard */; };
		3D5C21D52B777929008888A9 /* RegisterController.swift in Sources */ = {isa = PBXBuildFile; fileRef = 3D5C21D42B777929008888A9 /* RegisterController.swift */; };
		3D5C21D72B777937008888A9 /* LoginController.swift in Sources */ = {isa = PBXBuildFile; fileRef = 3D5C21D62B777937008888A9 /* LoginController.swift */; };
		3D5C21DB2B779663008888A9 /* HomeController.swift in Sources */ = {isa = PBXBuildFile; fileRef = 3D5C21DA2B779663008888A9 /* HomeController.swift */; };
		3D5C21E42B77C542008888A9 /* CustomTextFields.swift in Sources */ = {isa = PBXBuildFile; fileRef = 3D5C21E32B77C542008888A9 /* CustomTextFields.swift */; };
		3D5C21E62B77D096008888A9 /* CustomButtons.swift in Sources */ = {isa = PBXBuildFile; fileRef = 3D5C21E52B77D096008888A9 /* CustomButtons.swift */; };
		3D5C21ED2B78AC8C008888A9 /* CustomLabel.swift in Sources */ = {isa = PBXBuildFile; fileRef = 3D5C21EC2B78AC8C008888A9 /* CustomLabel.swift */; };
		3D5C21F42B790F99008888A9 /* Extention+UIView.swift in Sources */ = {isa = PBXBuildFile; fileRef = 3D5C21F32B790F99008888A9 /* Extention+UIView.swift */; };
		3D5C21FB2B79215B008888A9 /* FirebaseModel.swift in Sources */ = {isa = PBXBuildFile; fileRef = 3D5C21FA2B79215B008888A9 /* FirebaseModel.swift */; };
		3D5C21FD2B792165008888A9 /* FirebaseManager.swift in Sources */ = {isa = PBXBuildFile; fileRef = 3D5C21FC2B792165008888A9 /* FirebaseManager.swift */; };
		3D5C22112B7A07B5008888A9 /* ProgresHUDExtantion.swift in Sources */ = {isa = PBXBuildFile; fileRef = 3D5C22102B7A07B5008888A9 /* ProgresHUDExtantion.swift */; };
		3D5C22142B7A07F4008888A9 /* ProgressHUD in Frameworks */ = {isa = PBXBuildFile; productRef = 3D5C22132B7A07F4008888A9 /* ProgressHUD */; };
		3D5C22162B7A0EDE008888A9 /* GoogleService-Info.plist in Resources */ = {isa = PBXBuildFile; fileRef = 3D5C22152B7A0EDE008888A9 /* GoogleService-Info.plist */; };
		3D5C22192B7A106F008888A9 /* FirebaseAnalytics in Frameworks */ = {isa = PBXBuildFile; productRef = 3D5C22182B7A106F008888A9 /* FirebaseAnalytics */; };
		3D5C221B2B7A106F008888A9 /* FirebaseAnalyticsOnDeviceConversion in Frameworks */ = {isa = PBXBuildFile; productRef = 3D5C221A2B7A106F008888A9 /* FirebaseAnalyticsOnDeviceConversion */; };
		3D5C221D2B7A106F008888A9 /* FirebaseAnalyticsSwift in Frameworks */ = {isa = PBXBuildFile; productRef = 3D5C221C2B7A106F008888A9 /* FirebaseAnalyticsSwift */; };
		3D5C221F2B7A106F008888A9 /* FirebaseAnalyticsWithoutAdIdSupport in Frameworks */ = {isa = PBXBuildFile; productRef = 3D5C221E2B7A106F008888A9 /* FirebaseAnalyticsWithoutAdIdSupport */; };
		3D5C22212B7A106F008888A9 /* FirebaseAppCheck in Frameworks */ = {isa = PBXBuildFile; productRef = 3D5C22202B7A106F008888A9 /* FirebaseAppCheck */; };
		3D5C22232B7A106F008888A9 /* FirebaseAppDistribution-Beta in Frameworks */ = {isa = PBXBuildFile; productRef = 3D5C22222B7A106F008888A9 /* FirebaseAppDistribution-Beta */; };
		3D5C22252B7A106F008888A9 /* FirebaseAuth in Frameworks */ = {isa = PBXBuildFile; productRef = 3D5C22242B7A106F008888A9 /* FirebaseAuth */; };
		3D5C22272B7A106F008888A9 /* FirebaseAuthCombine-Community in Frameworks */ = {isa = PBXBuildFile; productRef = 3D5C22262B7A106F008888A9 /* FirebaseAuthCombine-Community */; };
		3D5C22292B7A106F008888A9 /* FirebaseCrashlytics in Frameworks */ = {isa = PBXBuildFile; productRef = 3D5C22282B7A106F008888A9 /* FirebaseCrashlytics */; };
		3D5C222B2B7A106F008888A9 /* FirebaseDatabase in Frameworks */ = {isa = PBXBuildFile; productRef = 3D5C222A2B7A106F008888A9 /* FirebaseDatabase */; };
		3D5C222D2B7A106F008888A9 /* FirebaseDatabaseSwift in Frameworks */ = {isa = PBXBuildFile; productRef = 3D5C222C2B7A106F008888A9 /* FirebaseDatabaseSwift */; };
		3D5C222F2B7A106F008888A9 /* FirebaseDynamicLinks in Frameworks */ = {isa = PBXBuildFile; productRef = 3D5C222E2B7A106F008888A9 /* FirebaseDynamicLinks */; };
		3D5C22312B7A106F008888A9 /* FirebaseFirestore in Frameworks */ = {isa = PBXBuildFile; productRef = 3D5C22302B7A106F008888A9 /* FirebaseFirestore */; };
		3D5C22332B7A106F008888A9 /* FirebaseFirestoreCombine-Community in Frameworks */ = {isa = PBXBuildFile; productRef = 3D5C22322B7A106F008888A9 /* FirebaseFirestoreCombine-Community */; };
		3D5C22352B7A106F008888A9 /* FirebaseFirestoreSwift in Frameworks */ = {isa = PBXBuildFile; productRef = 3D5C22342B7A106F008888A9 /* FirebaseFirestoreSwift */; };
		3D5C22372B7A106F008888A9 /* FirebaseFunctions in Frameworks */ = {isa = PBXBuildFile; productRef = 3D5C22362B7A106F008888A9 /* FirebaseFunctions */; };
		3D5C22392B7A106F008888A9 /* FirebaseFunctionsCombine-Community in Frameworks */ = {isa = PBXBuildFile; productRef = 3D5C22382B7A106F008888A9 /* FirebaseFunctionsCombine-Community */; };
		3D5C223B2B7A106F008888A9 /* FirebaseInAppMessaging-Beta in Frameworks */ = {isa = PBXBuildFile; productRef = 3D5C223A2B7A106F008888A9 /* FirebaseInAppMessaging-Beta */; };
		3D5C223D2B7A106F008888A9 /* FirebaseInAppMessagingSwift-Beta in Frameworks */ = {isa = PBXBuildFile; productRef = 3D5C223C2B7A106F008888A9 /* FirebaseInAppMessagingSwift-Beta */; };
		3D5C223F2B7A106F008888A9 /* FirebaseInstallations in Frameworks */ = {isa = PBXBuildFile; productRef = 3D5C223E2B7A106F008888A9 /* FirebaseInstallations */; };
		3D5C22412B7A106F008888A9 /* FirebaseMLModelDownloader in Frameworks */ = {isa = PBXBuildFile; productRef = 3D5C22402B7A106F008888A9 /* FirebaseMLModelDownloader */; };
		3D5C22432B7A106F008888A9 /* FirebaseMessaging in Frameworks */ = {isa = PBXBuildFile; productRef = 3D5C22422B7A106F008888A9 /* FirebaseMessaging */; };
		3D5C22452B7A106F008888A9 /* FirebasePerformance in Frameworks */ = {isa = PBXBuildFile; productRef = 3D5C22442B7A106F008888A9 /* FirebasePerformance */; };
		3D5C22472B7A106F008888A9 /* FirebaseRemoteConfig in Frameworks */ = {isa = PBXBuildFile; productRef = 3D5C22462B7A106F008888A9 /* FirebaseRemoteConfig */; };
		3D5C22492B7A106F008888A9 /* FirebaseRemoteConfigSwift in Frameworks */ = {isa = PBXBuildFile; productRef = 3D5C22482B7A106F008888A9 /* FirebaseRemoteConfigSwift */; };
		3D5C224B2B7A106F008888A9 /* FirebaseStorage in Frameworks */ = {isa = PBXBuildFile; productRef = 3D5C224A2B7A106F008888A9 /* FirebaseStorage */; };
		3D5C224D2B7A106F008888A9 /* FirebaseStorageCombine-Community in Frameworks */ = {isa = PBXBuildFile; productRef = 3D5C224C2B7A106F008888A9 /* FirebaseStorageCombine-Community */; };
		3D5C22502B7A118F008888A9 /* GoogleSignIn in Frameworks */ = {isa = PBXBuildFile; productRef = 3D5C224F2B7A118F008888A9 /* GoogleSignIn */; };
		3D5C22522B7A118F008888A9 /* GoogleSignInSwift in Frameworks */ = {isa = PBXBuildFile; productRef = 3D5C22512B7A118F008888A9 /* GoogleSignInSwift */; };
		3D5C22562B7A777E008888A9 /* ProductsModel.swift in Sources */ = {isa = PBXBuildFile; fileRef = 3D5C22552B7A777E008888A9 /* ProductsModel.swift */; };
		3D5C22592B7A78C7008888A9 /* NetworkHelper.swift in Sources */ = {isa = PBXBuildFile; fileRef = 3D5C22582B7A78C7008888A9 /* NetworkHelper.swift */; };
		3D5C225B2B7A78D2008888A9 /* NetworkManager.swift in Sources */ = {isa = PBXBuildFile; fileRef = 3D5C225A2B7A78D2008888A9 /* NetworkManager.swift */; };
		3D5C22612B7B6466008888A9 /* CategoryItemsService.swift in Sources */ = {isa = PBXBuildFile; fileRef = 3D5C22602B7B6466008888A9 /* CategoryItemsService.swift */; };
		3D5C22632B7B6474008888A9 /* CategoryHelper.swift in Sources */ = {isa = PBXBuildFile; fileRef = 3D5C22622B7B6474008888A9 /* CategoryHelper.swift */; };
		3D5C226B2B7B847F008888A9 /* ProductDetailService.swift in Sources */ = {isa = PBXBuildFile; fileRef = 3D5C226A2B7B847F008888A9 /* ProductDetailService.swift */; };
		3D5C226D2B7B848A008888A9 /* ProdcutDetailHelper.swift in Sources */ = {isa = PBXBuildFile; fileRef = 3D5C226C2B7B848A008888A9 /* ProdcutDetailHelper.swift */; };
		3DDF43F02B7BAB82007D726B /* HomePageCustomCell.swift in Sources */ = {isa = PBXBuildFile; fileRef = 3DDF43EF2B7BAB82007D726B /* HomePageCustomCell.swift */; };
		3DDF43F22B7BAFBE007D726B /* HomeMainCollectionHeader.swift in Sources */ = {isa = PBXBuildFile; fileRef = 3DDF43F12B7BAFBD007D726B /* HomeMainCollectionHeader.swift */; };
		3DDF43F52B7BD9EC007D726B /* HomeNavProfileView.swift in Sources */ = {isa = PBXBuildFile; fileRef = 3DDF43F42B7BD9EC007D726B /* HomeNavProfileView.swift */; };
/* End PBXBuildFile section */

/* Begin PBXFileReference section */
		3D5C21BB2B77780C008888A9 /* E-Commerce.app */ = {isa = PBXFileReference; explicitFileType = wrapper.application; includeInIndex = 0; path = "E-Commerce.app"; sourceTree = BUILT_PRODUCTS_DIR; };
		3D5C21BE2B77780C008888A9 /* AppDelegate.swift */ = {isa = PBXFileReference; lastKnownFileType = sourcecode.swift; path = AppDelegate.swift; sourceTree = "<group>"; };
		3D5C21C02B77780C008888A9 /* SceneDelegate.swift */ = {isa = PBXFileReference; lastKnownFileType = sourcecode.swift; path = SceneDelegate.swift; sourceTree = "<group>"; };
		3D5C21C72B77780E008888A9 /* Assets.xcassets */ = {isa = PBXFileReference; lastKnownFileType = folder.assetcatalog; path = Assets.xcassets; sourceTree = "<group>"; };
		3D5C21CA2B77780E008888A9 /* Base */ = {isa = PBXFileReference; lastKnownFileType = file.storyboard; name = Base; path = Base.lproj/LaunchScreen.storyboard; sourceTree = "<group>"; };
		3D5C21CC2B77780E008888A9 /* Info.plist */ = {isa = PBXFileReference; lastKnownFileType = text.plist.xml; path = Info.plist; sourceTree = "<group>"; };
		3D5C21D42B777929008888A9 /* RegisterController.swift */ = {isa = PBXFileReference; lastKnownFileType = sourcecode.swift; path = RegisterController.swift; sourceTree = "<group>"; };
		3D5C21D62B777937008888A9 /* LoginController.swift */ = {isa = PBXFileReference; lastKnownFileType = sourcecode.swift; path = LoginController.swift; sourceTree = "<group>"; };
		3D5C21DA2B779663008888A9 /* HomeController.swift */ = {isa = PBXFileReference; lastKnownFileType = sourcecode.swift; path = HomeController.swift; sourceTree = "<group>"; };
		3D5C21E32B77C542008888A9 /* CustomTextFields.swift */ = {isa = PBXFileReference; lastKnownFileType = sourcecode.swift; path = CustomTextFields.swift; sourceTree = "<group>"; };
		3D5C21E52B77D096008888A9 /* CustomButtons.swift */ = {isa = PBXFileReference; lastKnownFileType = sourcecode.swift; path = CustomButtons.swift; sourceTree = "<group>"; };
		3D5C21EC2B78AC8C008888A9 /* CustomLabel.swift */ = {isa = PBXFileReference; lastKnownFileType = sourcecode.swift; path = CustomLabel.swift; sourceTree = "<group>"; };
		3D5C21F32B790F99008888A9 /* Extention+UIView.swift */ = {isa = PBXFileReference; lastKnownFileType = sourcecode.swift; path = "Extention+UIView.swift"; sourceTree = "<group>"; };
		3D5C21FA2B79215B008888A9 /* FirebaseModel.swift */ = {isa = PBXFileReference; lastKnownFileType = sourcecode.swift; path = FirebaseModel.swift; sourceTree = "<group>"; };
		3D5C21FC2B792165008888A9 /* FirebaseManager.swift */ = {isa = PBXFileReference; lastKnownFileType = sourcecode.swift; path = FirebaseManager.swift; sourceTree = "<group>"; };
		3D5C22102B7A07B5008888A9 /* ProgresHUDExtantion.swift */ = {isa = PBXFileReference; lastKnownFileType = sourcecode.swift; path = ProgresHUDExtantion.swift; sourceTree = "<group>"; };
		3D5C22152B7A0EDE008888A9 /* GoogleService-Info.plist */ = {isa = PBXFileReference; fileEncoding = 4; lastKnownFileType = text.plist.xml; path = "GoogleService-Info.plist"; sourceTree = "<group>"; };
		3D5C22552B7A777E008888A9 /* ProductsModel.swift */ = {isa = PBXFileReference; lastKnownFileType = sourcecode.swift; path = ProductsModel.swift; sourceTree = "<group>"; };
		3D5C22582B7A78C7008888A9 /* NetworkHelper.swift */ = {isa = PBXFileReference; lastKnownFileType = sourcecode.swift; path = NetworkHelper.swift; sourceTree = "<group>"; };
		3D5C225A2B7A78D2008888A9 /* NetworkManager.swift */ = {isa = PBXFileReference; lastKnownFileType = sourcecode.swift; path = NetworkManager.swift; sourceTree = "<group>"; };
		3D5C22602B7B6466008888A9 /* CategoryItemsService.swift */ = {isa = PBXFileReference; lastKnownFileType = sourcecode.swift; path = CategoryItemsService.swift; sourceTree = "<group>"; };
		3D5C22622B7B6474008888A9 /* CategoryHelper.swift */ = {isa = PBXFileReference; lastKnownFileType = sourcecode.swift; path = CategoryHelper.swift; sourceTree = "<group>"; };
		3D5C226A2B7B847F008888A9 /* ProductDetailService.swift */ = {isa = PBXFileReference; lastKnownFileType = sourcecode.swift; path = ProductDetailService.swift; sourceTree = "<group>"; };
		3D5C226C2B7B848A008888A9 /* ProdcutDetailHelper.swift */ = {isa = PBXFileReference; lastKnownFileType = sourcecode.swift; path = ProdcutDetailHelper.swift; sourceTree = "<group>"; };
		3DDF43EF2B7BAB82007D726B /* HomePageCustomCell.swift */ = {isa = PBXFileReference; lastKnownFileType = sourcecode.swift; path = HomePageCustomCell.swift; sourceTree = "<group>"; };
		3DDF43F12B7BAFBD007D726B /* HomeMainCollectionHeader.swift */ = {isa = PBXFileReference; lastKnownFileType = sourcecode.swift; path = HomeMainCollectionHeader.swift; sourceTree = "<group>"; };
		3DDF43F42B7BD9EC007D726B /* HomeNavProfileView.swift */ = {isa = PBXFileReference; lastKnownFileType = sourcecode.swift; path = HomeNavProfileView.swift; sourceTree = "<group>"; };
/* End PBXFileReference section */

/* Begin PBXFrameworksBuildPhase section */
		3D5C21B82B77780C008888A9 /* Frameworks */ = {
			isa = PBXFrameworksBuildPhase;
			buildActionMask = 2147483647;
			files = (
				3D5C22372B7A106F008888A9 /* FirebaseFunctions in Frameworks */,
				3D5C222D2B7A106F008888A9 /* FirebaseDatabaseSwift in Frameworks */,
				3D5C223D2B7A106F008888A9 /* FirebaseInAppMessagingSwift-Beta in Frameworks */,
				3D5C22432B7A106F008888A9 /* FirebaseMessaging in Frameworks */,
				3D5C22232B7A106F008888A9 /* FirebaseAppDistribution-Beta in Frameworks */,
				3D5C22272B7A106F008888A9 /* FirebaseAuthCombine-Community in Frameworks */,
				3D5C22332B7A106F008888A9 /* FirebaseFirestoreCombine-Community in Frameworks */,
				3D5C221D2B7A106F008888A9 /* FirebaseAnalyticsSwift in Frameworks */,
				3D5C22412B7A106F008888A9 /* FirebaseMLModelDownloader in Frameworks */,
				3D5C22502B7A118F008888A9 /* GoogleSignIn in Frameworks */,
				3D5C221F2B7A106F008888A9 /* FirebaseAnalyticsWithoutAdIdSupport in Frameworks */,
				3D5C22192B7A106F008888A9 /* FirebaseAnalytics in Frameworks */,
				3D5C22352B7A106F008888A9 /* FirebaseFirestoreSwift in Frameworks */,
				3D5C221B2B7A106F008888A9 /* FirebaseAnalyticsOnDeviceConversion in Frameworks */,
				3D5C22212B7A106F008888A9 /* FirebaseAppCheck in Frameworks */,
				3D5C22522B7A118F008888A9 /* GoogleSignInSwift in Frameworks */,
				3D5C22452B7A106F008888A9 /* FirebasePerformance in Frameworks */,
				3D5C223B2B7A106F008888A9 /* FirebaseInAppMessaging-Beta in Frameworks */,
				3D5C22392B7A106F008888A9 /* FirebaseFunctionsCombine-Community in Frameworks */,
				3D5C22292B7A106F008888A9 /* FirebaseCrashlytics in Frameworks */,
				3D5C223F2B7A106F008888A9 /* FirebaseInstallations in Frameworks */,
				3D5C22472B7A106F008888A9 /* FirebaseRemoteConfig in Frameworks */,
				3D5C224B2B7A106F008888A9 /* FirebaseStorage in Frameworks */,
				3D5C222B2B7A106F008888A9 /* FirebaseDatabase in Frameworks */,
				3D5C224D2B7A106F008888A9 /* FirebaseStorageCombine-Community in Frameworks */,
				3D5C22142B7A07F4008888A9 /* ProgressHUD in Frameworks */,
				3D5C22252B7A106F008888A9 /* FirebaseAuth in Frameworks */,
				3D5C222F2B7A106F008888A9 /* FirebaseDynamicLinks in Frameworks */,
				3D5C22312B7A106F008888A9 /* FirebaseFirestore in Frameworks */,
				3D5C22492B7A106F008888A9 /* FirebaseRemoteConfigSwift in Frameworks */,
			);
			runOnlyForDeploymentPostprocessing = 0;
		};
/* End PBXFrameworksBuildPhase section */

/* Begin PBXGroup section */
		3D5C21B22B77780C008888A9 = {
			isa = PBXGroup;
			children = (
				3D5C21BD2B77780C008888A9 /* E-Commerce */,
				3D5C21BC2B77780C008888A9 /* Products */,
				3D5C220B2B792723008888A9 /* Frameworks */,
			);
			sourceTree = "<group>";
		};
		3D5C21BC2B77780C008888A9 /* Products */ = {
			isa = PBXGroup;
			children = (
				3D5C21BB2B77780C008888A9 /* E-Commerce.app */,
			);
			name = Products;
			sourceTree = "<group>";
		};
		3D5C21BD2B77780C008888A9 /* E-Commerce */ = {
			isa = PBXGroup;
			children = (
				3DDF43EE2B7BAB35007D726B /* CustomCell */,
				3D5C22532B7A75EE008888A9 /* Network */,
				3D5C21F72B792132008888A9 /* Firebase */,
				3D5C21F22B790F79008888A9 /* Extention+UIView */,
				3D5C21EE2B78BB8A008888A9 /* Scene */,
				3D5C21DF2B779890008888A9 /* CustomViews */,
				3D5C21D22B777883008888A9 /* App */,
				3D5C21CC2B77780E008888A9 /* Info.plist */,
				3D5C22152B7A0EDE008888A9 /* GoogleService-Info.plist */,
			);
			path = "E-Commerce";
			sourceTree = "<group>";
		};
		3D5C21D22B777883008888A9 /* App */ = {
			isa = PBXGroup;
			children = (
				3D5C21BE2B77780C008888A9 /* AppDelegate.swift */,
				3D5C21C02B77780C008888A9 /* SceneDelegate.swift */,
				3D5C21C72B77780E008888A9 /* Assets.xcassets */,
				3D5C21C92B77780E008888A9 /* LaunchScreen.storyboard */,
			);
			path = App;
			sourceTree = "<group>";
		};
		3D5C21DF2B779890008888A9 /* CustomViews */ = {
			isa = PBXGroup;
			children = (
				3D5C21EB2B78AC6A008888A9 /* CustomLabel */,
				3D5C21E72B77D0A4008888A9 /* CustomButons */,
				3D5C21E22B77C524008888A9 /* CustomTextFields */,
			);
			path = CustomViews;
			sourceTree = "<group>";
		};
		3D5C21E22B77C524008888A9 /* CustomTextFields */ = {
			isa = PBXGroup;
			children = (
				3D5C21E32B77C542008888A9 /* CustomTextFields.swift */,
			);
			path = CustomTextFields;
			sourceTree = "<group>";
		};
		3D5C21E72B77D0A4008888A9 /* CustomButons */ = {
			isa = PBXGroup;
			children = (
				3D5C21E52B77D096008888A9 /* CustomButtons.swift */,
			);
			path = CustomButons;
			sourceTree = "<group>";
		};
		3D5C21EB2B78AC6A008888A9 /* CustomLabel */ = {
			isa = PBXGroup;
			children = (
				3D5C21EC2B78AC8C008888A9 /* CustomLabel.swift */,
			);
			path = CustomLabel;
			sourceTree = "<group>";
		};
		3D5C21EE2B78BB8A008888A9 /* Scene */ = {
			isa = PBXGroup;
			children = (
				3D5C21F12B78BBCA008888A9 /* HomePage */,
				3DDF43F32B7BD977007D726B /* SubViews */,
				3D5C21F02B78BBB4008888A9 /* RegisterPage */,
				3D5C21EF2B78BBA4008888A9 /* LoginPage */,
			);
			path = Scene;
			sourceTree = "<group>";
		};
		3D5C21EF2B78BBA4008888A9 /* LoginPage */ = {
			isa = PBXGroup;
			children = (
				3D5C21D62B777937008888A9 /* LoginController.swift */,
			);
			path = LoginPage;
			sourceTree = "<group>";
		};
		3D5C21F02B78BBB4008888A9 /* RegisterPage */ = {
			isa = PBXGroup;
			children = (
				3D5C21D42B777929008888A9 /* RegisterController.swift */,
			);
			path = RegisterPage;
			sourceTree = "<group>";
		};
		3D5C21F12B78BBCA008888A9 /* HomePage */ = {
			isa = PBXGroup;
			children = (
				3D5C21DA2B779663008888A9 /* HomeController.swift */,
			);
			path = HomePage;
			sourceTree = "<group>";
		};
		3D5C21F22B790F79008888A9 /* Extention+UIView */ = {
			isa = PBXGroup;
			children = (
				3D5C21F32B790F99008888A9 /* Extention+UIView.swift */,
				3D5C22102B7A07B5008888A9 /* ProgresHUDExtantion.swift */,
			);
			path = "Extention+UIView";
			sourceTree = "<group>";
		};
		3D5C21F72B792132008888A9 /* Firebase */ = {
			isa = PBXGroup;
			children = (
				3D5C21F92B792149008888A9 /* FirebaseModel */,
				3D5C21F82B79213E008888A9 /* FirebaseManager */,
			);
			path = Firebase;
			sourceTree = "<group>";
		};
		3D5C21F82B79213E008888A9 /* FirebaseManager */ = {
			isa = PBXGroup;
			children = (
				3D5C21FC2B792165008888A9 /* FirebaseManager.swift */,
			);
			path = FirebaseManager;
			sourceTree = "<group>";
		};
		3D5C21F92B792149008888A9 /* FirebaseModel */ = {
			isa = PBXGroup;
			children = (
				3D5C21FA2B79215B008888A9 /* FirebaseModel.swift */,
			);
			path = FirebaseModel;
			sourceTree = "<group>";
		};
		3D5C220B2B792723008888A9 /* Frameworks */ = {
			isa = PBXGroup;
			children = (
			);
			name = Frameworks;
			sourceTree = "<group>";
		};
		3D5C22532B7A75EE008888A9 /* Network */ = {
			isa = PBXGroup;
			children = (
				3D5C22742B7B9553008888A9 /* Services */,
				3D5C225E2B7A895F008888A9 /* Models */,
				3D5C22572B7A7837008888A9 /* Core */,
			);
			path = Network;
			sourceTree = "<group>";
		};
		3D5C22572B7A7837008888A9 /* Core */ = {
			isa = PBXGroup;
			children = (
				3D5C22582B7A78C7008888A9 /* NetworkHelper.swift */,
				3D5C225A2B7A78D2008888A9 /* NetworkManager.swift */,
			);
			path = Core;
			sourceTree = "<group>";
		};
		3D5C225E2B7A895F008888A9 /* Models */ = {
			isa = PBXGroup;
			children = (
				3D5C22552B7A777E008888A9 /* ProductsModel.swift */,
			);
			path = Models;
			sourceTree = "<group>";
		};
		3D5C225F2B7B6445008888A9 /* CategoryItemsService */ = {
			isa = PBXGroup;
			children = (
				3D5C22602B7B6466008888A9 /* CategoryItemsService.swift */,
				3D5C22622B7B6474008888A9 /* CategoryHelper.swift */,
			);
			path = CategoryItemsService;
			sourceTree = "<group>";
		};
		3D5C22692B7B8469008888A9 /* ProductDetailService */ = {
			isa = PBXGroup;
			children = (
				3D5C226A2B7B847F008888A9 /* ProductDetailService.swift */,
				3D5C226C2B7B848A008888A9 /* ProdcutDetailHelper.swift */,
			);
			path = ProductDetailService;
			sourceTree = "<group>";
		};
		3D5C22742B7B9553008888A9 /* Services */ = {
			isa = PBXGroup;
			children = (
				3D5C225F2B7B6445008888A9 /* CategoryItemsService */,
				3D5C22692B7B8469008888A9 /* ProductDetailService */,
			);
			path = Services;
			sourceTree = "<group>";
		};
		3DDF43EE2B7BAB35007D726B /* CustomCell */ = {
			isa = PBXGroup;
			children = (
				3DDF43EF2B7BAB82007D726B /* HomePageCustomCell.swift */,
				3DDF43F12B7BAFBD007D726B /* HomeMainCollectionHeader.swift */,
			);
			path = CustomCell;
			sourceTree = "<group>";
		};
		3DDF43F32B7BD977007D726B /* SubViews */ = {
			isa = PBXGroup;
			children = (
				3DDF43F42B7BD9EC007D726B /* HomeNavProfileView.swift */,
			);
			path = SubViews;
			sourceTree = "<group>";
		};
/* End PBXGroup section */

/* Begin PBXNativeTarget section */
		3D5C21BA2B77780C008888A9 /* E-Commerce */ = {
			isa = PBXNativeTarget;
			buildConfigurationList = 3D5C21CF2B77780E008888A9 /* Build configuration list for PBXNativeTarget "E-Commerce" */;
			buildPhases = (
				3D5C21B72B77780C008888A9 /* Sources */,
				3D5C21B82B77780C008888A9 /* Frameworks */,
				3D5C21B92B77780C008888A9 /* Resources */,
			);
			buildRules = (
			);
			dependencies = (
			);
			name = "E-Commerce";
			packageProductDependencies = (
				3D5C22132B7A07F4008888A9 /* ProgressHUD */,
				3D5C22182B7A106F008888A9 /* FirebaseAnalytics */,
				3D5C221A2B7A106F008888A9 /* FirebaseAnalyticsOnDeviceConversion */,
				3D5C221C2B7A106F008888A9 /* FirebaseAnalyticsSwift */,
				3D5C221E2B7A106F008888A9 /* FirebaseAnalyticsWithoutAdIdSupport */,
				3D5C22202B7A106F008888A9 /* FirebaseAppCheck */,
				3D5C22222B7A106F008888A9 /* FirebaseAppDistribution-Beta */,
				3D5C22242B7A106F008888A9 /* FirebaseAuth */,
				3D5C22262B7A106F008888A9 /* FirebaseAuthCombine-Community */,
				3D5C22282B7A106F008888A9 /* FirebaseCrashlytics */,
				3D5C222A2B7A106F008888A9 /* FirebaseDatabase */,
				3D5C222C2B7A106F008888A9 /* FirebaseDatabaseSwift */,
				3D5C222E2B7A106F008888A9 /* FirebaseDynamicLinks */,
				3D5C22302B7A106F008888A9 /* FirebaseFirestore */,
				3D5C22322B7A106F008888A9 /* FirebaseFirestoreCombine-Community */,
				3D5C22342B7A106F008888A9 /* FirebaseFirestoreSwift */,
				3D5C22362B7A106F008888A9 /* FirebaseFunctions */,
				3D5C22382B7A106F008888A9 /* FirebaseFunctionsCombine-Community */,
				3D5C223A2B7A106F008888A9 /* FirebaseInAppMessaging-Beta */,
				3D5C223C2B7A106F008888A9 /* FirebaseInAppMessagingSwift-Beta */,
				3D5C223E2B7A106F008888A9 /* FirebaseInstallations */,
				3D5C22402B7A106F008888A9 /* FirebaseMLModelDownloader */,
				3D5C22422B7A106F008888A9 /* FirebaseMessaging */,
				3D5C22442B7A106F008888A9 /* FirebasePerformance */,
				3D5C22462B7A106F008888A9 /* FirebaseRemoteConfig */,
				3D5C22482B7A106F008888A9 /* FirebaseRemoteConfigSwift */,
				3D5C224A2B7A106F008888A9 /* FirebaseStorage */,
				3D5C224C2B7A106F008888A9 /* FirebaseStorageCombine-Community */,
				3D5C224F2B7A118F008888A9 /* GoogleSignIn */,
				3D5C22512B7A118F008888A9 /* GoogleSignInSwift */,
			);
			productName = "E-Commerce";
			productReference = 3D5C21BB2B77780C008888A9 /* E-Commerce.app */;
			productType = "com.apple.product-type.application";
		};
/* End PBXNativeTarget section */

/* Begin PBXProject section */
		3D5C21B32B77780C008888A9 /* Project object */ = {
			isa = PBXProject;
			attributes = {
				BuildIndependentTargetsInParallel = 1;
				LastSwiftUpdateCheck = 1500;
				LastUpgradeCheck = 1500;
				TargetAttributes = {
					3D5C21BA2B77780C008888A9 = {
						CreatedOnToolsVersion = 15.0.1;
					};
				};
			};
			buildConfigurationList = 3D5C21B62B77780C008888A9 /* Build configuration list for PBXProject "E-Commerce" */;
			compatibilityVersion = "Xcode 14.0";
			developmentRegion = en;
			hasScannedForEncodings = 0;
			knownRegions = (
				en,
				Base,
			);
			mainGroup = 3D5C21B22B77780C008888A9;
			packageReferences = (
				3D5C22122B7A07F4008888A9 /* XCRemoteSwiftPackageReference "ProgressHUD" */,
				3D5C22172B7A106F008888A9 /* XCRemoteSwiftPackageReference "firebase-ios-sdk" */,
				3D5C224E2B7A118F008888A9 /* XCRemoteSwiftPackageReference "GoogleSignIn-iOS" */,
			);
			productRefGroup = 3D5C21BC2B77780C008888A9 /* Products */;
			projectDirPath = "";
			projectRoot = "";
			targets = (
				3D5C21BA2B77780C008888A9 /* E-Commerce */,
			);
		};
/* End PBXProject section */

/* Begin PBXResourcesBuildPhase section */
		3D5C21B92B77780C008888A9 /* Resources */ = {
			isa = PBXResourcesBuildPhase;
			buildActionMask = 2147483647;
			files = (
				3D5C21CB2B77780E008888A9 /* LaunchScreen.storyboard in Resources */,
				3D5C22162B7A0EDE008888A9 /* GoogleService-Info.plist in Resources */,
				3D5C21C82B77780E008888A9 /* Assets.xcassets in Resources */,
			);
			runOnlyForDeploymentPostprocessing = 0;
		};
/* End PBXResourcesBuildPhase section */

/* Begin PBXSourcesBuildPhase section */
		3D5C21B72B77780C008888A9 /* Sources */ = {
			isa = PBXSourcesBuildPhase;
			buildActionMask = 2147483647;
			files = (
				3D5C22592B7A78C7008888A9 /* NetworkHelper.swift in Sources */,
				3D5C22632B7B6474008888A9 /* CategoryHelper.swift in Sources */,
				3D5C21E62B77D096008888A9 /* CustomButtons.swift in Sources */,
				3D5C21ED2B78AC8C008888A9 /* CustomLabel.swift in Sources */,
				3D5C21E42B77C542008888A9 /* CustomTextFields.swift in Sources */,
				3D5C21BF2B77780C008888A9 /* AppDelegate.swift in Sources */,
				3D5C226D2B7B848A008888A9 /* ProdcutDetailHelper.swift in Sources */,
				3D5C21FD2B792165008888A9 /* FirebaseManager.swift in Sources */,
				3DDF43F02B7BAB82007D726B /* HomePageCustomCell.swift in Sources */,
				3D5C22112B7A07B5008888A9 /* ProgresHUDExtantion.swift in Sources */,
				3D5C21FB2B79215B008888A9 /* FirebaseModel.swift in Sources */,
				3D5C21DB2B779663008888A9 /* HomeController.swift in Sources */,
				3D5C21D72B777937008888A9 /* LoginController.swift in Sources */,
				3D5C21C12B77780C008888A9 /* SceneDelegate.swift in Sources */,
				3D5C21F42B790F99008888A9 /* Extention+UIView.swift in Sources */,
				3D5C22612B7B6466008888A9 /* CategoryItemsService.swift in Sources */,
				3D5C225B2B7A78D2008888A9 /* NetworkManager.swift in Sources */,
				3D5C22562B7A777E008888A9 /* ProductsModel.swift in Sources */,
				3D5C21D52B777929008888A9 /* RegisterController.swift in Sources */,
				3DDF43F52B7BD9EC007D726B /* HomeNavProfileView.swift in Sources */,
				3DDF43F22B7BAFBE007D726B /* HomeMainCollectionHeader.swift in Sources */,
				3D5C226B2B7B847F008888A9 /* ProductDetailService.swift in Sources */,
			);
			runOnlyForDeploymentPostprocessing = 0;
		};
/* End PBXSourcesBuildPhase section */

/* Begin PBXVariantGroup section */
		3D5C21C92B77780E008888A9 /* LaunchScreen.storyboard */ = {
			isa = PBXVariantGroup;
			children = (
				3D5C21CA2B77780E008888A9 /* Base */,
			);
			name = LaunchScreen.storyboard;
			sourceTree = "<group>";
		};
/* End PBXVariantGroup section */

/* Begin XCBuildConfiguration section */
		3D5C21CD2B77780E008888A9 /* Debug */ = {
			isa = XCBuildConfiguration;
			buildSettings = {
				ALWAYS_SEARCH_USER_PATHS = NO;
				ASSETCATALOG_COMPILER_GENERATE_SWIFT_ASSET_SYMBOL_EXTENSIONS = YES;
				CLANG_ANALYZER_NONNULL = YES;
				CLANG_ANALYZER_NUMBER_OBJECT_CONVERSION = YES_AGGRESSIVE;
				CLANG_CXX_LANGUAGE_STANDARD = "gnu++20";
				CLANG_ENABLE_MODULES = YES;
				CLANG_ENABLE_OBJC_ARC = YES;
				CLANG_ENABLE_OBJC_WEAK = YES;
				CLANG_WARN_BLOCK_CAPTURE_AUTORELEASING = YES;
				CLANG_WARN_BOOL_CONVERSION = YES;
				CLANG_WARN_COMMA = YES;
				CLANG_WARN_CONSTANT_CONVERSION = YES;
				CLANG_WARN_DEPRECATED_OBJC_IMPLEMENTATIONS = YES;
				CLANG_WARN_DIRECT_OBJC_ISA_USAGE = YES_ERROR;
				CLANG_WARN_DOCUMENTATION_COMMENTS = YES;
				CLANG_WARN_EMPTY_BODY = YES;
				CLANG_WARN_ENUM_CONVERSION = YES;
				CLANG_WARN_INFINITE_RECURSION = YES;
				CLANG_WARN_INT_CONVERSION = YES;
				CLANG_WARN_NON_LITERAL_NULL_CONVERSION = YES;
				CLANG_WARN_OBJC_IMPLICIT_RETAIN_SELF = YES;
				CLANG_WARN_OBJC_LITERAL_CONVERSION = YES;
				CLANG_WARN_OBJC_ROOT_CLASS = YES_ERROR;
				CLANG_WARN_QUOTED_INCLUDE_IN_FRAMEWORK_HEADER = YES;
				CLANG_WARN_RANGE_LOOP_ANALYSIS = YES;
				CLANG_WARN_STRICT_PROTOTYPES = YES;
				CLANG_WARN_SUSPICIOUS_MOVE = YES;
				CLANG_WARN_UNGUARDED_AVAILABILITY = YES_AGGRESSIVE;
				CLANG_WARN_UNREACHABLE_CODE = YES;
				CLANG_WARN__DUPLICATE_METHOD_MATCH = YES;
				COPY_PHASE_STRIP = NO;
				DEBUG_INFORMATION_FORMAT = dwarf;
				ENABLE_STRICT_OBJC_MSGSEND = YES;
				ENABLE_TESTABILITY = YES;
				ENABLE_USER_SCRIPT_SANDBOXING = YES;
				GCC_C_LANGUAGE_STANDARD = gnu17;
				GCC_DYNAMIC_NO_PIC = NO;
				GCC_NO_COMMON_BLOCKS = YES;
				GCC_OPTIMIZATION_LEVEL = 0;
				GCC_PREPROCESSOR_DEFINITIONS = (
					"DEBUG=1",
					"$(inherited)",
				);
				GCC_WARN_64_TO_32_BIT_CONVERSION = YES;
				GCC_WARN_ABOUT_RETURN_TYPE = YES_ERROR;
				GCC_WARN_UNDECLARED_SELECTOR = YES;
				GCC_WARN_UNINITIALIZED_AUTOS = YES_AGGRESSIVE;
				GCC_WARN_UNUSED_FUNCTION = YES;
				GCC_WARN_UNUSED_VARIABLE = YES;
				IPHONEOS_DEPLOYMENT_TARGET = 17.0;
				LOCALIZATION_PREFERS_STRING_CATALOGS = YES;
				MTL_ENABLE_DEBUG_INFO = INCLUDE_SOURCE;
				MTL_FAST_MATH = YES;
				ONLY_ACTIVE_ARCH = YES;
				SDKROOT = iphoneos;
				SWIFT_ACTIVE_COMPILATION_CONDITIONS = "DEBUG $(inherited)";
				SWIFT_OPTIMIZATION_LEVEL = "-Onone";
			};
			name = Debug;
		};
		3D5C21CE2B77780E008888A9 /* Release */ = {
			isa = XCBuildConfiguration;
			buildSettings = {
				ALWAYS_SEARCH_USER_PATHS = NO;
				ASSETCATALOG_COMPILER_GENERATE_SWIFT_ASSET_SYMBOL_EXTENSIONS = YES;
				CLANG_ANALYZER_NONNULL = YES;
				CLANG_ANALYZER_NUMBER_OBJECT_CONVERSION = YES_AGGRESSIVE;
				CLANG_CXX_LANGUAGE_STANDARD = "gnu++20";
				CLANG_ENABLE_MODULES = YES;
				CLANG_ENABLE_OBJC_ARC = YES;
				CLANG_ENABLE_OBJC_WEAK = YES;
				CLANG_WARN_BLOCK_CAPTURE_AUTORELEASING = YES;
				CLANG_WARN_BOOL_CONVERSION = YES;
				CLANG_WARN_COMMA = YES;
				CLANG_WARN_CONSTANT_CONVERSION = YES;
				CLANG_WARN_DEPRECATED_OBJC_IMPLEMENTATIONS = YES;
				CLANG_WARN_DIRECT_OBJC_ISA_USAGE = YES_ERROR;
				CLANG_WARN_DOCUMENTATION_COMMENTS = YES;
				CLANG_WARN_EMPTY_BODY = YES;
				CLANG_WARN_ENUM_CONVERSION = YES;
				CLANG_WARN_INFINITE_RECURSION = YES;
				CLANG_WARN_INT_CONVERSION = YES;
				CLANG_WARN_NON_LITERAL_NULL_CONVERSION = YES;
				CLANG_WARN_OBJC_IMPLICIT_RETAIN_SELF = YES;
				CLANG_WARN_OBJC_LITERAL_CONVERSION = YES;
				CLANG_WARN_OBJC_ROOT_CLASS = YES_ERROR;
				CLANG_WARN_QUOTED_INCLUDE_IN_FRAMEWORK_HEADER = YES;
				CLANG_WARN_RANGE_LOOP_ANALYSIS = YES;
				CLANG_WARN_STRICT_PROTOTYPES = YES;
				CLANG_WARN_SUSPICIOUS_MOVE = YES;
				CLANG_WARN_UNGUARDED_AVAILABILITY = YES_AGGRESSIVE;
				CLANG_WARN_UNREACHABLE_CODE = YES;
				CLANG_WARN__DUPLICATE_METHOD_MATCH = YES;
				COPY_PHASE_STRIP = NO;
				DEBUG_INFORMATION_FORMAT = "dwarf-with-dsym";
				ENABLE_NS_ASSERTIONS = NO;
				ENABLE_STRICT_OBJC_MSGSEND = YES;
				ENABLE_USER_SCRIPT_SANDBOXING = YES;
				GCC_C_LANGUAGE_STANDARD = gnu17;
				GCC_NO_COMMON_BLOCKS = YES;
				GCC_WARN_64_TO_32_BIT_CONVERSION = YES;
				GCC_WARN_ABOUT_RETURN_TYPE = YES_ERROR;
				GCC_WARN_UNDECLARED_SELECTOR = YES;
				GCC_WARN_UNINITIALIZED_AUTOS = YES_AGGRESSIVE;
				GCC_WARN_UNUSED_FUNCTION = YES;
				GCC_WARN_UNUSED_VARIABLE = YES;
				IPHONEOS_DEPLOYMENT_TARGET = 17.0;
				LOCALIZATION_PREFERS_STRING_CATALOGS = YES;
				MTL_ENABLE_DEBUG_INFO = NO;
				MTL_FAST_MATH = YES;
				SDKROOT = iphoneos;
				SWIFT_COMPILATION_MODE = wholemodule;
				VALIDATE_PRODUCT = YES;
			};
			name = Release;
		};
		3D5C21D02B77780E008888A9 /* Debug */ = {
			isa = XCBuildConfiguration;
			buildSettings = {
				ASSETCATALOG_COMPILER_APPICON_NAME = AppIcon;
				ASSETCATALOG_COMPILER_GLOBAL_ACCENT_COLOR_NAME = AccentColor;
				CODE_SIGN_STYLE = Automatic;
				CURRENT_PROJECT_VERSION = 1;
				DEVELOPMENT_TEAM = 628PNWMZP5;
				GENERATE_INFOPLIST_FILE = YES;
				INFOPLIST_FILE = "E-Commerce/Info.plist";
				INFOPLIST_KEY_UIApplicationSupportsIndirectInputEvents = YES;
				INFOPLIST_KEY_UILaunchStoryboardName = LaunchScreen;
				INFOPLIST_KEY_UISupportedInterfaceOrientations_iPad = "UIInterfaceOrientationPortrait UIInterfaceOrientationPortraitUpsideDown UIInterfaceOrientationLandscapeLeft UIInterfaceOrientationLandscapeRight";
				INFOPLIST_KEY_UISupportedInterfaceOrientations_iPhone = "UIInterfaceOrientationPortrait UIInterfaceOrientationLandscapeLeft UIInterfaceOrientationLandscapeRight";
				LD_RUNPATH_SEARCH_PATHS = (
					"$(inherited)",
					"@executable_path/Frameworks",
				);
				MARKETING_VERSION = 1.0;
				PRODUCT_BUNDLE_IDENTIFIER = "com.alkanfatih.E-Commerce";
				PRODUCT_NAME = "$(TARGET_NAME)";
				SWIFT_EMIT_LOC_STRINGS = YES;
				SWIFT_VERSION = 5.0;
				TARGETED_DEVICE_FAMILY = "1,2";
			};
			name = Debug;
		};
		3D5C21D12B77780E008888A9 /* Release */ = {
			isa = XCBuildConfiguration;
			buildSettings = {
				ASSETCATALOG_COMPILER_APPICON_NAME = AppIcon;
				ASSETCATALOG_COMPILER_GLOBAL_ACCENT_COLOR_NAME = AccentColor;
				CODE_SIGN_STYLE = Automatic;
				CURRENT_PROJECT_VERSION = 1;
				DEVELOPMENT_TEAM = 628PNWMZP5;
				GENERATE_INFOPLIST_FILE = YES;
				INFOPLIST_FILE = "E-Commerce/Info.plist";
				INFOPLIST_KEY_UIApplicationSupportsIndirectInputEvents = YES;
				INFOPLIST_KEY_UILaunchStoryboardName = LaunchScreen;
				INFOPLIST_KEY_UISupportedInterfaceOrientations_iPad = "UIInterfaceOrientationPortrait UIInterfaceOrientationPortraitUpsideDown UIInterfaceOrientationLandscapeLeft UIInterfaceOrientationLandscapeRight";
				INFOPLIST_KEY_UISupportedInterfaceOrientations_iPhone = "UIInterfaceOrientationPortrait UIInterfaceOrientationLandscapeLeft UIInterfaceOrientationLandscapeRight";
				LD_RUNPATH_SEARCH_PATHS = (
					"$(inherited)",
					"@executable_path/Frameworks",
				);
				MARKETING_VERSION = 1.0;
				PRODUCT_BUNDLE_IDENTIFIER = "com.alkanfatih.E-Commerce";
				PRODUCT_NAME = "$(TARGET_NAME)";
				SWIFT_EMIT_LOC_STRINGS = YES;
				SWIFT_VERSION = 5.0;
				TARGETED_DEVICE_FAMILY = "1,2";
			};
			name = Release;
		};
/* End XCBuildConfiguration section */

/* Begin XCConfigurationList section */
		3D5C21B62B77780C008888A9 /* Build configuration list for PBXProject "E-Commerce" */ = {
			isa = XCConfigurationList;
			buildConfigurations = (
				3D5C21CD2B77780E008888A9 /* Debug */,
				3D5C21CE2B77780E008888A9 /* Release */,
			);
			defaultConfigurationIsVisible = 0;
			defaultConfigurationName = Release;
		};
		3D5C21CF2B77780E008888A9 /* Build configuration list for PBXNativeTarget "E-Commerce" */ = {
			isa = XCConfigurationList;
			buildConfigurations = (
				3D5C21D02B77780E008888A9 /* Debug */,
				3D5C21D12B77780E008888A9 /* Release */,
			);
			defaultConfigurationIsVisible = 0;
			defaultConfigurationName = Release;
		};
/* End XCConfigurationList section */

/* Begin XCRemoteSwiftPackageReference section */
		3D5C22122B7A07F4008888A9 /* XCRemoteSwiftPackageReference "ProgressHUD" */ = {
			isa = XCRemoteSwiftPackageReference;
			repositoryURL = "https://github.com/relatedcode/ProgressHUD.git";
			requirement = {
				kind = upToNextMajorVersion;
				minimumVersion = 14.1.1;
			};
		};
		3D5C22172B7A106F008888A9 /* XCRemoteSwiftPackageReference "firebase-ios-sdk" */ = {
			isa = XCRemoteSwiftPackageReference;
			repositoryURL = "https://github.com/firebase/firebase-ios-sdk.git";
			requirement = {
				kind = upToNextMajorVersion;
				minimumVersion = 10.21.0;
			};
		};
		3D5C224E2B7A118F008888A9 /* XCRemoteSwiftPackageReference "GoogleSignIn-iOS" */ = {
			isa = XCRemoteSwiftPackageReference;
			repositoryURL = "https://github.com/google/GoogleSignIn-iOS";
			requirement = {
				kind = upToNextMajorVersion;
				minimumVersion = 7.0.0;
			};
		};
/* End XCRemoteSwiftPackageReference section */

/* Begin XCSwiftPackageProductDependency section */
		3D5C22132B7A07F4008888A9 /* ProgressHUD */ = {
			isa = XCSwiftPackageProductDependency;
			package = 3D5C22122B7A07F4008888A9 /* XCRemoteSwiftPackageReference "ProgressHUD" */;
			productName = ProgressHUD;
		};
		3D5C22182B7A106F008888A9 /* FirebaseAnalytics */ = {
			isa = XCSwiftPackageProductDependency;
			package = 3D5C22172B7A106F008888A9 /* XCRemoteSwiftPackageReference "firebase-ios-sdk" */;
			productName = FirebaseAnalytics;
		};
		3D5C221A2B7A106F008888A9 /* FirebaseAnalyticsOnDeviceConversion */ = {
			isa = XCSwiftPackageProductDependency;
			package = 3D5C22172B7A106F008888A9 /* XCRemoteSwiftPackageReference "firebase-ios-sdk" */;
			productName = FirebaseAnalyticsOnDeviceConversion;
		};
		3D5C221C2B7A106F008888A9 /* FirebaseAnalyticsSwift */ = {
			isa = XCSwiftPackageProductDependency;
			package = 3D5C22172B7A106F008888A9 /* XCRemoteSwiftPackageReference "firebase-ios-sdk" */;
			productName = FirebaseAnalyticsSwift;
		};
		3D5C221E2B7A106F008888A9 /* FirebaseAnalyticsWithoutAdIdSupport */ = {
			isa = XCSwiftPackageProductDependency;
			package = 3D5C22172B7A106F008888A9 /* XCRemoteSwiftPackageReference "firebase-ios-sdk" */;
			productName = FirebaseAnalyticsWithoutAdIdSupport;
		};
		3D5C22202B7A106F008888A9 /* FirebaseAppCheck */ = {
			isa = XCSwiftPackageProductDependency;
			package = 3D5C22172B7A106F008888A9 /* XCRemoteSwiftPackageReference "firebase-ios-sdk" */;
			productName = FirebaseAppCheck;
		};
		3D5C22222B7A106F008888A9 /* FirebaseAppDistribution-Beta */ = {
			isa = XCSwiftPackageProductDependency;
			package = 3D5C22172B7A106F008888A9 /* XCRemoteSwiftPackageReference "firebase-ios-sdk" */;
			productName = "FirebaseAppDistribution-Beta";
		};
		3D5C22242B7A106F008888A9 /* FirebaseAuth */ = {
			isa = XCSwiftPackageProductDependency;
			package = 3D5C22172B7A106F008888A9 /* XCRemoteSwiftPackageReference "firebase-ios-sdk" */;
			productName = FirebaseAuth;
		};
		3D5C22262B7A106F008888A9 /* FirebaseAuthCombine-Community */ = {
			isa = XCSwiftPackageProductDependency;
			package = 3D5C22172B7A106F008888A9 /* XCRemoteSwiftPackageReference "firebase-ios-sdk" */;
			productName = "FirebaseAuthCombine-Community";
		};
		3D5C22282B7A106F008888A9 /* FirebaseCrashlytics */ = {
			isa = XCSwiftPackageProductDependency;
			package = 3D5C22172B7A106F008888A9 /* XCRemoteSwiftPackageReference "firebase-ios-sdk" */;
			productName = FirebaseCrashlytics;
		};
		3D5C222A2B7A106F008888A9 /* FirebaseDatabase */ = {
			isa = XCSwiftPackageProductDependency;
			package = 3D5C22172B7A106F008888A9 /* XCRemoteSwiftPackageReference "firebase-ios-sdk" */;
			productName = FirebaseDatabase;
		};
		3D5C222C2B7A106F008888A9 /* FirebaseDatabaseSwift */ = {
			isa = XCSwiftPackageProductDependency;
			package = 3D5C22172B7A106F008888A9 /* XCRemoteSwiftPackageReference "firebase-ios-sdk" */;
			productName = FirebaseDatabaseSwift;
		};
		3D5C222E2B7A106F008888A9 /* FirebaseDynamicLinks */ = {
			isa = XCSwiftPackageProductDependency;
			package = 3D5C22172B7A106F008888A9 /* XCRemoteSwiftPackageReference "firebase-ios-sdk" */;
			productName = FirebaseDynamicLinks;
		};
		3D5C22302B7A106F008888A9 /* FirebaseFirestore */ = {
			isa = XCSwiftPackageProductDependency;
			package = 3D5C22172B7A106F008888A9 /* XCRemoteSwiftPackageReference "firebase-ios-sdk" */;
			productName = FirebaseFirestore;
		};
		3D5C22322B7A106F008888A9 /* FirebaseFirestoreCombine-Community */ = {
			isa = XCSwiftPackageProductDependency;
			package = 3D5C22172B7A106F008888A9 /* XCRemoteSwiftPackageReference "firebase-ios-sdk" */;
			productName = "FirebaseFirestoreCombine-Community";
		};
		3D5C22342B7A106F008888A9 /* FirebaseFirestoreSwift */ = {
			isa = XCSwiftPackageProductDependency;
			package = 3D5C22172B7A106F008888A9 /* XCRemoteSwiftPackageReference "firebase-ios-sdk" */;
			productName = FirebaseFirestoreSwift;
		};
		3D5C22362B7A106F008888A9 /* FirebaseFunctions */ = {
			isa = XCSwiftPackageProductDependency;
			package = 3D5C22172B7A106F008888A9 /* XCRemoteSwiftPackageReference "firebase-ios-sdk" */;
			productName = FirebaseFunctions;
		};
		3D5C22382B7A106F008888A9 /* FirebaseFunctionsCombine-Community */ = {
			isa = XCSwiftPackageProductDependency;
			package = 3D5C22172B7A106F008888A9 /* XCRemoteSwiftPackageReference "firebase-ios-sdk" */;
			productName = "FirebaseFunctionsCombine-Community";
		};
		3D5C223A2B7A106F008888A9 /* FirebaseInAppMessaging-Beta */ = {
			isa = XCSwiftPackageProductDependency;
			package = 3D5C22172B7A106F008888A9 /* XCRemoteSwiftPackageReference "firebase-ios-sdk" */;
			productName = "FirebaseInAppMessaging-Beta";
		};
		3D5C223C2B7A106F008888A9 /* FirebaseInAppMessagingSwift-Beta */ = {
			isa = XCSwiftPackageProductDependency;
			package = 3D5C22172B7A106F008888A9 /* XCRemoteSwiftPackageReference "firebase-ios-sdk" */;
			productName = "FirebaseInAppMessagingSwift-Beta";
		};
		3D5C223E2B7A106F008888A9 /* FirebaseInstallations */ = {
			isa = XCSwiftPackageProductDependency;
			package = 3D5C22172B7A106F008888A9 /* XCRemoteSwiftPackageReference "firebase-ios-sdk" */;
			productName = FirebaseInstallations;
		};
		3D5C22402B7A106F008888A9 /* FirebaseMLModelDownloader */ = {
			isa = XCSwiftPackageProductDependency;
			package = 3D5C22172B7A106F008888A9 /* XCRemoteSwiftPackageReference "firebase-ios-sdk" */;
			productName = FirebaseMLModelDownloader;
		};
		3D5C22422B7A106F008888A9 /* FirebaseMessaging */ = {
			isa = XCSwiftPackageProductDependency;
			package = 3D5C22172B7A106F008888A9 /* XCRemoteSwiftPackageReference "firebase-ios-sdk" */;
			productName = FirebaseMessaging;
		};
		3D5C22442B7A106F008888A9 /* FirebasePerformance */ = {
			isa = XCSwiftPackageProductDependency;
			package = 3D5C22172B7A106F008888A9 /* XCRemoteSwiftPackageReference "firebase-ios-sdk" */;
			productName = FirebasePerformance;
		};
		3D5C22462B7A106F008888A9 /* FirebaseRemoteConfig */ = {
			isa = XCSwiftPackageProductDependency;
			package = 3D5C22172B7A106F008888A9 /* XCRemoteSwiftPackageReference "firebase-ios-sdk" */;
			productName = FirebaseRemoteConfig;
		};
		3D5C22482B7A106F008888A9 /* FirebaseRemoteConfigSwift */ = {
			isa = XCSwiftPackageProductDependency;
			package = 3D5C22172B7A106F008888A9 /* XCRemoteSwiftPackageReference "firebase-ios-sdk" */;
			productName = FirebaseRemoteConfigSwift;
		};
		3D5C224A2B7A106F008888A9 /* FirebaseStorage */ = {
			isa = XCSwiftPackageProductDependency;
			package = 3D5C22172B7A106F008888A9 /* XCRemoteSwiftPackageReference "firebase-ios-sdk" */;
			productName = FirebaseStorage;
		};
		3D5C224C2B7A106F008888A9 /* FirebaseStorageCombine-Community */ = {
			isa = XCSwiftPackageProductDependency;
			package = 3D5C22172B7A106F008888A9 /* XCRemoteSwiftPackageReference "firebase-ios-sdk" */;
			productName = "FirebaseStorageCombine-Community";
		};
		3D5C224F2B7A118F008888A9 /* GoogleSignIn */ = {
			isa = XCSwiftPackageProductDependency;
			package = 3D5C224E2B7A118F008888A9 /* XCRemoteSwiftPackageReference "GoogleSignIn-iOS" */;
			productName = GoogleSignIn;
		};
		3D5C22512B7A118F008888A9 /* GoogleSignInSwift */ = {
			isa = XCSwiftPackageProductDependency;
			package = 3D5C224E2B7A118F008888A9 /* XCRemoteSwiftPackageReference "GoogleSignIn-iOS" */;
			productName = GoogleSignInSwift;
		};
/* End XCSwiftPackageProductDependency section */
	};
	rootObject = 3D5C21B32B77780C008888A9 /* Project object */;
}
